# examples/sky/upstream.lock — content hashes of committed original/ trees.
# Format: <name><TAB><sha256-hex>
# Generated by tools/scripts/gen-sky-lock.sh — do not edit by hand.
00-standard-libs	a2af336d9e7f44c3a98c22ff2489cc8792303022e92705243d301ce837ca88da
01-hello-world	37f8f780ccb157f3687500ee9e5c2898bd72f6ecd6f4a90c99506de2631d5e1e
02-go-stdlib	da1206efdd7ba7ff517fe508552befc29348f384d135b0ec7ff0a785c1c3be4a
03-tea-external	52354e19476d25c0de480d61510921c12ffe7f8fd2f0aa3e01287817369144ab
04-local-pkg	93a3a1603eb135e5748e49c45b4159960665a2834fb44f2b6766410cb0a6301c
05-mux-server	f2e3d5468513babb3e43bff4e5aea25a9a09583964b3e7308de754245dcdbd23
06-json	a213231887cf46d87134eaef951ad28d042fe12f9b04092dde7c5f8eb28054ef
07-todo-cli	b801531e991b74e200024aa0c237f30dd9206b5bbd512aebdb290fa86abe2cf3
08-notes-app	de6650fa9a30bc9a2ade0360415e560592ce97ee0ede437bceab164b816b7b01
09-live-counter	4dd056ac48249f2dd60386095e68480a04c5893222b2613c8a9dcf3e8b0c4df0
10-live-component	e11b73a46086839a02944c58716a330628cf4338c04772e0eb4a0afd18c8a814
11-fyne-stopwatch	d2f89082c822891cece2fea6272a5999e6baadea5de9fd3e665b2da0a27a0dbe
12-skyvote	0b230184a1e6151a90bfbb6c95e3cb16ae42e7cf563d49261334a1e546e82a24
13-skyshop	4999f8b51b8a735e883a82350267732de8285df005604e21787c5c2f3e5a23cf
14-task-demo	06d72ee7ea818f42fbd5a481fbc365f86c7ac8decf1f3781e958b148000cff65
15-http-server	41f121bd28ae26f056bd54a8976722800a205fd8abb26336e43c19bd299db4d1
16-skychess	5b60ac84754071af1d796bbb919c7b5ecb88e86500d287b6895df65a0264670f
17-skymon	64e3e5dd85120b2970716b88d4cae225c57dd627c69f59deff32848c413da8c0
18-job-queue	b369314f48bf271cd903ebe564c4c809a58d3c74679cfa241abac255d4fde27a
19-skyforum	c4d357dfd126001fe452bf9f48fd6cf45b0b67f8e834f78acc3188c14852c583
20-cli-counter	18545273b4a7edac18cd5b329aad55028993ba7f5779c68fca9474cb9f954caf
21-tui-stopwatch	ef34ae3d5853d02b671c3fb3ee641088ae006a845cd88d1dfadb43764e541499
22-tui-stopwatch-ui	c454bb0e72fc3f71ccb8c09082cb3188a6507c78716ce77f007d8e25d79bf93a
23-tui-todo	9d596461cbe5aba6227a345ad2958cdb0f15766346f0c66d5363340de1cc97bc
24-tui-kitchen-sink	133293c0eaa13f22ffa0226ecdca2b81d9b287d36c35b42f0461b46bee4697a3
25-sky-console	863905b417a21e528146d3f414cea68bd5339404db9933d2bfe69463f448581b
26-ui-showcase	e593c9c513fe80cf96e62852c97759473fde172cb3ae6df9b0b8e847376ea30c
27-multi-session-chat	be3fae70ffd836cbe306bd77bdd69310a353d492e889ce4f5dbb19c716a0ad7f
28-streaming-chat	af59d8e9dd6d43fa682f72d4b37f4a039b840230f829feea39761fb95a16e8e2
29-webview-threejs-spike	038f1549a17e01843f65f9e39334252f768ab0cb0ba284a480cd8fd1ec09f7c3
30-sse-server-demo	c1fa0abff8dacc81a06aee0fa65651ecfa12cc2468ba4454ab51d1661b691c09
31-webview-stopwatch-ui	23e925a3f10e182551abf642104dddc8f6338f0dc7dc1617ca82ec8c783eb0da
32-sse-relay	c5c67f9ceb9f8e403f60784159269be2b32f6e317b0692de9f030629a6b45167
33-websocket-echo	94f2eb96e2098d3307aab67bf85371f78394944ef06af2996d6de2f8a72e29fe
34-multi-tier-console	6aac8cb40fd67ed64afb64a0c0dac092043fecb316b15a68e9ce8f6e8f6b7f97
35-composite-generics	2a99ffb7cd580a71592438d332e3754ff0abb7093c8bdefdb47839e938f9a7b9
36-composite-server	af83a4d7d35db7378d071cb059b4b8e7bddd7f5b5628de308bf1cfbb2cc53471
37-composite-live-shop	ed4c805e2e9a0dc844814b052d30063b4cad7918b269c2c1d6f48bb9fc68aff2
38-composite-ui-multibackend	093e386c5193646be80a6c404a87f6ee629bbd822ff1ffb6c0dc0ffa30295f98
39-hub-demo	9e510a70746f477b92b4e65efa77419182a9667992be1b2b30a3331daee261b1
40-generic-adt-field	4c44c265c87d8307540f71907f3b3a85fcb31274bfe1d1777f5075e7ae9f700f
41-nested-curry	3ed602c4a2ec32a73c475b4d13d0c75c9f17c646fa03b001e4dabc460edd718c
42-poly-record	f3fd9482a79aa0097f8d5c3fdcce0e2e07c2bb29177824cc8601da1814be8e58
43-composition	4f0aeed092fa4c7d833a75a4ba64b79a046bedd54d6b320bb600956c9eb84670
44-record-update	c2a8c202a0f7e145030efe3f44e3e48ca31f4fcf5255b24d29196dcd9f0fd70d
45-record-update-anon	8cdc44c35c1635a44ce5d1fd5463798b7b66c5bdf7416a73871e038e5bb65dc6
46-row-poly-result	6cc8d7204a9150dbf329bea7f0ec71543ad9081c9bfedf34f289fb4575afc32f
47-func-field-record	674ec04027609d61f1c5f9ae710863bfc581437ef92c313f3eed3aec4a8cfb19
48-tuple-unused-binding	cf6b2f2868eba94b0ed8736eb82e5ad4e2a8b307b70a63651238890111225f3c
49-xmodule-adt	95ec11b8124f481214c4c0f78159975ebe4297b95124c66fe4aba2d5ed7f32a5
50-open-row-closure	30c0aa5bfa1643372ea6a5e04cc5cd63d0ebe5082d9bcca62dc42941760aa27d
simple	9876106ff899da56ce3735b785cdd047ed3f2c1b7db5826d420d619b9b35b89d
test_pkg	a6fb39fd19704ffe90cb7c76cb11f9c33fb9be4e807d9ef5ab8316f5be6910f3
53-record-update-map	4225539fe3d371e380e86798edcfe45a976aec9de08fac92bc9e23f5383ddfce
51-kernel-variadic-arity	3fac6854de40d0d97565e6f92972fc7f277ef1f1346a6a5a8376db1f21c2b7bc
