# This file is automatically @generated by Cargo.
# It is not intended for manual editing.
version = 4

[[package]]
name = "sky_backend"
version = "0.0.0"
dependencies = [
 "sky_diagnostics",
 "sky_ir",
]

[[package]]
name = "sky_backend_rust"
version = "0.0.0"
dependencies = [
 "sky_backend",
 "sky_diagnostics",
 "sky_intern",
 "sky_ir",
]

[[package]]
name = "sky_canon"
version = "0.0.0"
dependencies = [
 "sky_diagnostics",
 "sky_intern",
 "sky_parse",
 "sky_syntax",
]

[[package]]
name = "sky_diagnostics"
version = "0.0.0"

[[package]]
name = "sky_intern"
version = "0.0.0"
dependencies = [
 "sky_diagnostics",
]

[[package]]
name = "sky_ir"
version = "0.0.0"
dependencies = [
 "sky_diagnostics",
 "sky_intern",
]

[[package]]
name = "sky_lower"
version = "0.0.0"
dependencies = [
 "sky_canon",
 "sky_diagnostics",
 "sky_intern",
 "sky_ir",
 "sky_parse",
 "sky_types",
]

[[package]]
name = "sky_parse"
version = "0.0.0"
dependencies = [
 "sky_diagnostics",
 "sky_intern",
 "sky_syntax",
]

[[package]]
name = "sky_syntax"
version = "0.0.0"
dependencies = [
 "sky_diagnostics",
 "sky_intern",
]

[[package]]
name = "sky_types"
version = "0.0.0"
dependencies = [
 "sky_canon",
 "sky_diagnostics",
 "sky_intern",
 "sky_parse",
]

[[package]]
name = "skyc"
version = "0.0.0"
dependencies = [
 "sky_backend",
 "sky_backend_rust",
 "sky_canon",
 "sky_diagnostics",
 "sky_intern",
 "sky_ir",
 "sky_lower",
 "sky_parse",
 "sky_types",
]
