dependencies:
  github.com/anzellai/sky-tailwind: 1.0.0
go:
  cloud.google.com/go/firestore: latest
  context: latest
  encoding/base64: latest
  encoding/json: latest
  firebase.google.com/go/v4: latest
  firebase.google.com/go/v4/auth: latest
  fmt: latest
  github.com/google/uuid: latest
  github.com/stripe/stripe-go/v84: latest
  github.com/stripe/stripe-go/v84/checkout/session: latest
  github.com/stripe/stripe-go/v84/customer: latest
  google.golang.org/api/iterator: latest
  google.golang.org/api/option: latest
  io: latest
  net/http: latest
  os: latest
  strconv: latest
  strings: latest
